
Microsoft Visual Studio Solution File, Format Version 12.00
# Visual Studio Version 17
VisualStudioVersion = 17.3.32929.385
MinimumVisualStudioVersion = 10.0.40219.1
Project("{FAE04EC0-301F-11D3-BF4B-00C04F79EFBC}") = "GenericArrayCreator", "GenericArrayCreator\GenericArrayCreator.csproj", "{C82AF7E7-1969-4F68-8E33-00C47BDD3C9E}"
EndProject
Project("{FAE04EC0-301F-11D3-BF4B-00C04F79EFBC}") = "GenericScale", "GenericScale\GenericScale.csproj", "{630473D2-C6EA-4D7E-A2B3-00065C4C5378}"
EndProject
Global
	GlobalSection(SolutionConfigurationPlatforms) = preSolution
		Debug|Any CPU = Debug|Any CPU
		Release|Any CPU = Release|Any CPU
	EndGlobalSection
	GlobalSection(ProjectConfigurationPlatforms) = postSolution
		{C82AF7E7-1969-4F68-8E33-00C47BDD3C9E}.Debug|Any CPU.ActiveCfg = Debug|Any CPU
		{C82AF7E7-1969-4F68-8E33-00C47BDD3C9E}.Debug|Any CPU.Build.0 = Debug|Any CPU
		{C82AF7E7-1969-4F68-8E33-00C47BDD3C9E}.Release|Any CPU.ActiveCfg = Release|Any CPU
		{C82AF7E7-1969-4F68-8E33-00C47BDD3C9E}.Release|Any CPU.Build.0 = Release|Any CPU
		{630473D2-C6EA-4D7E-A2B3-00065C4C5378}.Debug|Any CPU.ActiveCfg = Debug|Any CPU
		{630473D2-C6EA-4D7E-A2B3-00065C4C5378}.Debug|Any CPU.Build.0 = Debug|Any CPU
		{630473D2-C6EA-4D7E-A2B3-00065C4C5378}.Release|Any CPU.ActiveCfg = Release|Any CPU
		{630473D2-C6EA-4D7E-A2B3-00065C4C5378}.Release|Any CPU.Build.0 = Release|Any CPU
	EndGlobalSection
	GlobalSection(SolutionProperties) = preSolution
		HideSolutionNode = FALSE
	EndGlobalSection
	GlobalSection(ExtensibilityGlobals) = postSolution
		SolutionGuid = {54174069-AF93-49C3-A92A-96A064BA7453}
	EndGlobalSection
EndGlobal
