
Microsoft Visual Studio Solution File, Format Version 12.00
# Visual Studio Version 17
VisualStudioVersion = 17.3.32929.385
MinimumVisualStudioVersion = 10.0.40219.1
Project("{9A19103F-16F7-4668-BE54-9A1E7A4F7556}") = "01.Define_An_Interface_Person", "01.Define_An_Interface_Person\01.Define_An_Interface_Person.csproj", "{DCF2A16E-34F1-4FFA-B805-2E266971F9E6}"
EndProject
Project("{9A19103F-16F7-4668-BE54-9A1E7A4F7556}") = "02.Multiple_Implementation", "02.Multiple_Implementation\02.Multiple_Implementation.csproj", "{EF4C83ED-5D25-4A50-A703-1516D861D69E}"
EndProject
Project("{9A19103F-16F7-4668-BE54-9A1E7A4F7556}") = "03.Telephony", "03.Telephony\03.Telephony.csproj", "{794690D5-DA93-44F1-A1E9-8EA778712F5C}"
EndProject
Project("{9A19103F-16F7-4668-BE54-9A1E7A4F7556}") = "04.Border_Control", "04.Border_Control\04.Border_Control.csproj", "{10D00625-3B85-403C-9B56-08465E5E7677}"
EndProject
Project("{9A19103F-16F7-4668-BE54-9A1E7A4F7556}") = "05.Birthday_Celebrations", "05.Birthday_Celebrations\05.Birthday_Celebrations.csproj", "{89EE069D-1CDD-474C-9468-78D891951548}"
EndProject
Project("{9A19103F-16F7-4668-BE54-9A1E7A4F7556}") = "06.Food_Shortage", "06.Food_Shortage\06.Food_Shortage.csproj", "{FF10AA4B-19FA-4C49-9017-07C93238CC33}"
EndProject
Global
	GlobalSection(SolutionConfigurationPlatforms) = preSolution
		Debug|Any CPU = Debug|Any CPU
		Release|Any CPU = Release|Any CPU
	EndGlobalSection
	GlobalSection(ProjectConfigurationPlatforms) = postSolution
		{DCF2A16E-34F1-4FFA-B805-2E266971F9E6}.Debug|Any CPU.ActiveCfg = Debug|Any CPU
		{DCF2A16E-34F1-4FFA-B805-2E266971F9E6}.Debug|Any CPU.Build.0 = Debug|Any CPU
		{DCF2A16E-34F1-4FFA-B805-2E266971F9E6}.Release|Any CPU.ActiveCfg = Release|Any CPU
		{DCF2A16E-34F1-4FFA-B805-2E266971F9E6}.Release|Any CPU.Build.0 = Release|Any CPU
		{EF4C83ED-5D25-4A50-A703-1516D861D69E}.Debug|Any CPU.ActiveCfg = Debug|Any CPU
		{EF4C83ED-5D25-4A50-A703-1516D861D69E}.Debug|Any CPU.Build.0 = Debug|Any CPU
		{EF4C83ED-5D25-4A50-A703-1516D861D69E}.Release|Any CPU.ActiveCfg = Release|Any CPU
		{EF4C83ED-5D25-4A50-A703-1516D861D69E}.Release|Any CPU.Build.0 = Release|Any CPU
		{794690D5-DA93-44F1-A1E9-8EA778712F5C}.Debug|Any CPU.ActiveCfg = Debug|Any CPU
		{794690D5-DA93-44F1-A1E9-8EA778712F5C}.Debug|Any CPU.Build.0 = Debug|Any CPU
		{794690D5-DA93-44F1-A1E9-8EA778712F5C}.Release|Any CPU.ActiveCfg = Release|Any CPU
		{794690D5-DA93-44F1-A1E9-8EA778712F5C}.Release|Any CPU.Build.0 = Release|Any CPU
		{10D00625-3B85-403C-9B56-08465E5E7677}.Debug|Any CPU.ActiveCfg = Debug|Any CPU
		{10D00625-3B85-403C-9B56-08465E5E7677}.Debug|Any CPU.Build.0 = Debug|Any CPU
		{10D00625-3B85-403C-9B56-08465E5E7677}.Release|Any CPU.ActiveCfg = Release|Any CPU
		{10D00625-3B85-403C-9B56-08465E5E7677}.Release|Any CPU.Build.0 = Release|Any CPU
		{89EE069D-1CDD-474C-9468-78D891951548}.Debug|Any CPU.ActiveCfg = Debug|Any CPU
		{89EE069D-1CDD-474C-9468-78D891951548}.Debug|Any CPU.Build.0 = Debug|Any CPU
		{89EE069D-1CDD-474C-9468-78D891951548}.Release|Any CPU.ActiveCfg = Release|Any CPU
		{89EE069D-1CDD-474C-9468-78D891951548}.Release|Any CPU.Build.0 = Release|Any CPU
		{FF10AA4B-19FA-4C49-9017-07C93238CC33}.Debug|Any CPU.ActiveCfg = Debug|Any CPU
		{FF10AA4B-19FA-4C49-9017-07C93238CC33}.Debug|Any CPU.Build.0 = Debug|Any CPU
		{FF10AA4B-19FA-4C49-9017-07C93238CC33}.Release|Any CPU.ActiveCfg = Release|Any CPU
		{FF10AA4B-19FA-4C49-9017-07C93238CC33}.Release|Any CPU.Build.0 = Release|Any CPU
	EndGlobalSection
	GlobalSection(SolutionProperties) = preSolution
		HideSolutionNode = FALSE
	EndGlobalSection
	GlobalSection(ExtensibilityGlobals) = postSolution
		SolutionGuid = {D471D13F-D123-4001-AE10-EB79D770FFBD}
	EndGlobalSection
EndGlobal
