
Microsoft Visual Studio Solution File, Format Version 12.00
# Visual Studio Version 17
VisualStudioVersion = 17.3.32929.385
MinimumVisualStudioVersion = 10.0.40219.1
Project("{9A19103F-16F7-4668-BE54-9A1E7A4F7556}") = "01.Tiles_Master", "01.Tiles_Master\01.Tiles_Master.csproj", "{82866878-56F9-4D80-B098-C8A4EA25E481}"
EndProject
Project("{9A19103F-16F7-4668-BE54-9A1E7A4F7556}") = "02.Wall_Destroyer", "02.Wall_Destroyer\02.Wall_Destroyer.csproj", "{8354E2AA-461F-4CE1-BEE0-F3F2177861F9}"
EndProject
Project("{FAE04EC0-301F-11D3-BF4B-00C04F79EFBC}") = "03.Renovators", "03.Renovators\03.Renovators.csproj", "{EE39800F-3D3D-47E1-8E93-1807FBDCAEBE}"
EndProject
Global
	GlobalSection(SolutionConfigurationPlatforms) = preSolution
		Debug|Any CPU = Debug|Any CPU
		Release|Any CPU = Release|Any CPU
	EndGlobalSection
	GlobalSection(ProjectConfigurationPlatforms) = postSolution
		{82866878-56F9-4D80-B098-C8A4EA25E481}.Debug|Any CPU.ActiveCfg = Debug|Any CPU
		{82866878-56F9-4D80-B098-C8A4EA25E481}.Debug|Any CPU.Build.0 = Debug|Any CPU
		{82866878-56F9-4D80-B098-C8A4EA25E481}.Release|Any CPU.ActiveCfg = Release|Any CPU
		{82866878-56F9-4D80-B098-C8A4EA25E481}.Release|Any CPU.Build.0 = Release|Any CPU
		{8354E2AA-461F-4CE1-BEE0-F3F2177861F9}.Debug|Any CPU.ActiveCfg = Debug|Any CPU
		{8354E2AA-461F-4CE1-BEE0-F3F2177861F9}.Debug|Any CPU.Build.0 = Debug|Any CPU
		{8354E2AA-461F-4CE1-BEE0-F3F2177861F9}.Release|Any CPU.ActiveCfg = Release|Any CPU
		{8354E2AA-461F-4CE1-BEE0-F3F2177861F9}.Release|Any CPU.Build.0 = Release|Any CPU
		{EE39800F-3D3D-47E1-8E93-1807FBDCAEBE}.Debug|Any CPU.ActiveCfg = Debug|Any CPU
		{EE39800F-3D3D-47E1-8E93-1807FBDCAEBE}.Debug|Any CPU.Build.0 = Debug|Any CPU
		{EE39800F-3D3D-47E1-8E93-1807FBDCAEBE}.Release|Any CPU.ActiveCfg = Release|Any CPU
		{EE39800F-3D3D-47E1-8E93-1807FBDCAEBE}.Release|Any CPU.Build.0 = Release|Any CPU
	EndGlobalSection
	GlobalSection(SolutionProperties) = preSolution
		HideSolutionNode = FALSE
	EndGlobalSection
	GlobalSection(ExtensibilityGlobals) = postSolution
		SolutionGuid = {D43BFF9F-7052-4915-A25D-067A44C7DE68}
	EndGlobalSection
EndGlobal
