
Microsoft Visual Studio Solution File, Format Version 12.00
# Visual Studio Version 16
VisualStudioVersion = 16.0.32510.428
MinimumVisualStudioVersion = 10.0.40219.1
Project("{9A19103F-16F7-4668-BE54-9A1E7A4F7556}") = "01.Smallest_Of_Three_Numbers", "01.Smallest_Of_Three_Numbers\01.Smallest_Of_Three_Numbers.csproj", "{E0D91049-45EA-44ED-9531-4C600902B150}"
EndProject
Project("{FAE04EC0-301F-11D3-BF4B-00C04F79EFBC}") = "02.Vowels_Count", "02.Vowels_Count\02.Vowels_Count.csproj", "{BDFBFE76-E392-45F5-BD98-15CDD392D54A}"
EndProject
Project("{FAE04EC0-301F-11D3-BF4B-00C04F79EFBC}") = "03.Characters_In_Range", "03.Characters_In_Range\03.Characters_In_Range.csproj", "{4512D38B-E422-45DD-9DEF-DCDB05C82DEB}"
EndProject
Project("{FAE04EC0-301F-11D3-BF4B-00C04F79EFBC}") = "04.Password_Validator", "04.Password_Validator\04.Password_Validator.csproj", "{144C9B41-200F-466A-8205-C9B019FF9307}"
EndProject
Project("{FAE04EC0-301F-11D3-BF4B-00C04F79EFBC}") = "05.Add_And_Subtract", "05.Add_And_Subtract\05.Add_And_Subtract.csproj", "{761B40BD-A18A-42CE-AC46-B4FB671F80EB}"
EndProject
Project("{FAE04EC0-301F-11D3-BF4B-00C04F79EFBC}") = "06.Middle_Characters", "06.Middle_Characters\06.Middle_Characters.csproj", "{CC3197F7-261F-4C84-85EF-42B57273D84C}"
EndProject
Project("{FAE04EC0-301F-11D3-BF4B-00C04F79EFBC}") = "07.NxN_Matrix", "07.NxN_Matrix\07.NxN_Matrix.csproj", "{3EB9D6A4-21BB-4332-921F-B566DB63FFDB}"
EndProject
Project("{FAE04EC0-301F-11D3-BF4B-00C04F79EFBC}") = "08.Factorial_Division", "08.Factorial_Division\08.Factorial_Division.csproj", "{BABE20A2-39EB-451E-A6A9-EACDA4213939}"
EndProject
Project("{FAE04EC0-301F-11D3-BF4B-00C04F79EFBC}") = "09.Palindrome_Integers", "09.Palindrome_Integers\09.Palindrome_Integers.csproj", "{2999BAD5-163B-4ED9-A378-BDC5767D1892}"
EndProject
Project("{FAE04EC0-301F-11D3-BF4B-00C04F79EFBC}") = "10.Top_Number", "10.Top_Number\10.Top_Number.csproj", "{CE99A1A5-692A-42A4-A493-D24C04A06271}"
EndProject
Project("{FAE04EC0-301F-11D3-BF4B-00C04F79EFBC}") = "11.Array_Manipulator", "11.Array_Manipulator\11.Array_Manipulator.csproj", "{F0E895BB-950E-40C5-B46D-9B24F961B4F9}"
EndProject
Global
	GlobalSection(SolutionConfigurationPlatforms) = preSolution
		Debug|Any CPU = Debug|Any CPU
		Release|Any CPU = Release|Any CPU
	EndGlobalSection
	GlobalSection(ProjectConfigurationPlatforms) = postSolution
		{E0D91049-45EA-44ED-9531-4C600902B150}.Debug|Any CPU.ActiveCfg = Debug|Any CPU
		{E0D91049-45EA-44ED-9531-4C600902B150}.Debug|Any CPU.Build.0 = Debug|Any CPU
		{E0D91049-45EA-44ED-9531-4C600902B150}.Release|Any CPU.ActiveCfg = Release|Any CPU
		{E0D91049-45EA-44ED-9531-4C600902B150}.Release|Any CPU.Build.0 = Release|Any CPU
		{BDFBFE76-E392-45F5-BD98-15CDD392D54A}.Debug|Any CPU.ActiveCfg = Debug|Any CPU
		{BDFBFE76-E392-45F5-BD98-15CDD392D54A}.Debug|Any CPU.Build.0 = Debug|Any CPU
		{BDFBFE76-E392-45F5-BD98-15CDD392D54A}.Release|Any CPU.ActiveCfg = Release|Any CPU
		{BDFBFE76-E392-45F5-BD98-15CDD392D54A}.Release|Any CPU.Build.0 = Release|Any CPU
		{4512D38B-E422-45DD-9DEF-DCDB05C82DEB}.Debug|Any CPU.ActiveCfg = Debug|Any CPU
		{4512D38B-E422-45DD-9DEF-DCDB05C82DEB}.Debug|Any CPU.Build.0 = Debug|Any CPU
		{4512D38B-E422-45DD-9DEF-DCDB05C82DEB}.Release|Any CPU.ActiveCfg = Release|Any CPU
		{4512D38B-E422-45DD-9DEF-DCDB05C82DEB}.Release|Any CPU.Build.0 = Release|Any CPU
		{144C9B41-200F-466A-8205-C9B019FF9307}.Debug|Any CPU.ActiveCfg = Debug|Any CPU
		{144C9B41-200F-466A-8205-C9B019FF9307}.Debug|Any CPU.Build.0 = Debug|Any CPU
		{144C9B41-200F-466A-8205-C9B019FF9307}.Release|Any CPU.ActiveCfg = Release|Any CPU
		{144C9B41-200F-466A-8205-C9B019FF9307}.Release|Any CPU.Build.0 = Release|Any CPU
		{761B40BD-A18A-42CE-AC46-B4FB671F80EB}.Debug|Any CPU.ActiveCfg = Debug|Any CPU
		{761B40BD-A18A-42CE-AC46-B4FB671F80EB}.Debug|Any CPU.Build.0 = Debug|Any CPU
		{761B40BD-A18A-42CE-AC46-B4FB671F80EB}.Release|Any CPU.ActiveCfg = Release|Any CPU
		{761B40BD-A18A-42CE-AC46-B4FB671F80EB}.Release|Any CPU.Build.0 = Release|Any CPU
		{CC3197F7-261F-4C84-85EF-42B57273D84C}.Debug|Any CPU.ActiveCfg = Debug|Any CPU
		{CC3197F7-261F-4C84-85EF-42B57273D84C}.Debug|Any CPU.Build.0 = Debug|Any CPU
		{CC3197F7-261F-4C84-85EF-42B57273D84C}.Release|Any CPU.ActiveCfg = Release|Any CPU
		{CC3197F7-261F-4C84-85EF-42B57273D84C}.Release|Any CPU.Build.0 = Release|Any CPU
		{3EB9D6A4-21BB-4332-921F-B566DB63FFDB}.Debug|Any CPU.ActiveCfg = Debug|Any CPU
		{3EB9D6A4-21BB-4332-921F-B566DB63FFDB}.Debug|Any CPU.Build.0 = Debug|Any CPU
		{3EB9D6A4-21BB-4332-921F-B566DB63FFDB}.Release|Any CPU.ActiveCfg = Release|Any CPU
		{3EB9D6A4-21BB-4332-921F-B566DB63FFDB}.Release|Any CPU.Build.0 = Release|Any CPU
		{BABE20A2-39EB-451E-A6A9-EACDA4213939}.Debug|Any CPU.ActiveCfg = Debug|Any CPU
		{BABE20A2-39EB-451E-A6A9-EACDA4213939}.Debug|Any CPU.Build.0 = Debug|Any CPU
		{BABE20A2-39EB-451E-A6A9-EACDA4213939}.Release|Any CPU.ActiveCfg = Release|Any CPU
		{BABE20A2-39EB-451E-A6A9-EACDA4213939}.Release|Any CPU.Build.0 = Release|Any CPU
		{2999BAD5-163B-4ED9-A378-BDC5767D1892}.Debug|Any CPU.ActiveCfg = Debug|Any CPU
		{2999BAD5-163B-4ED9-A378-BDC5767D1892}.Debug|Any CPU.Build.0 = Debug|Any CPU
		{2999BAD5-163B-4ED9-A378-BDC5767D1892}.Release|Any CPU.ActiveCfg = Release|Any CPU
		{2999BAD5-163B-4ED9-A378-BDC5767D1892}.Release|Any CPU.Build.0 = Release|Any CPU
		{CE99A1A5-692A-42A4-A493-D24C04A06271}.Debug|Any CPU.ActiveCfg = Debug|Any CPU
		{CE99A1A5-692A-42A4-A493-D24C04A06271}.Debug|Any CPU.Build.0 = Debug|Any CPU
		{CE99A1A5-692A-42A4-A493-D24C04A06271}.Release|Any CPU.ActiveCfg = Release|Any CPU
		{CE99A1A5-692A-42A4-A493-D24C04A06271}.Release|Any CPU.Build.0 = Release|Any CPU
		{F0E895BB-950E-40C5-B46D-9B24F961B4F9}.Debug|Any CPU.ActiveCfg = Debug|Any CPU
		{F0E895BB-950E-40C5-B46D-9B24F961B4F9}.Debug|Any CPU.Build.0 = Debug|Any CPU
		{F0E895BB-950E-40C5-B46D-9B24F961B4F9}.Release|Any CPU.ActiveCfg = Release|Any CPU
		{F0E895BB-950E-40C5-B46D-9B24F961B4F9}.Release|Any CPU.Build.0 = Release|Any CPU
	EndGlobalSection
	GlobalSection(SolutionProperties) = preSolution
		HideSolutionNode = FALSE
	EndGlobalSection
	GlobalSection(ExtensibilityGlobals) = postSolution
		SolutionGuid = {B9C4683E-A3A8-41C6-B09E-A83C3B4D75EF}
	EndGlobalSection
EndGlobal
