
Microsoft Visual Studio Solution File, Format Version 12.00
# Visual Studio Version 17
VisualStudioVersion = 17.3.32929.385
MinimumVisualStudioVersion = 10.0.40219.1
Project("{9A19103F-16F7-4668-BE54-9A1E7A4F7556}") = "LinkedListImplementation", "LinkedListImplementation\LinkedListImplementation.csproj", "{ACC6F788-00E2-45E9-85CA-6FFA3B409E91}"
EndProject
Project("{FAE04EC0-301F-11D3-BF4B-00C04F79EFBC}") = "ListImplementation", "ListImplementation\ListImplementation.csproj", "{5A82E9AF-A1FE-43B9-9385-7B7B396645F5}"
EndProject
Global
	GlobalSection(SolutionConfigurationPlatforms) = preSolution
		Debug|Any CPU = Debug|Any CPU
		Release|Any CPU = Release|Any CPU
	EndGlobalSection
	GlobalSection(ProjectConfigurationPlatforms) = postSolution
		{ACC6F788-00E2-45E9-85CA-6FFA3B409E91}.Debug|Any CPU.ActiveCfg = Debug|Any CPU
		{ACC6F788-00E2-45E9-85CA-6FFA3B409E91}.Debug|Any CPU.Build.0 = Debug|Any CPU
		{ACC6F788-00E2-45E9-85CA-6FFA3B409E91}.Release|Any CPU.ActiveCfg = Release|Any CPU
		{ACC6F788-00E2-45E9-85CA-6FFA3B409E91}.Release|Any CPU.Build.0 = Release|Any CPU
		{5A82E9AF-A1FE-43B9-9385-7B7B396645F5}.Debug|Any CPU.ActiveCfg = Debug|Any CPU
		{5A82E9AF-A1FE-43B9-9385-7B7B396645F5}.Debug|Any CPU.Build.0 = Debug|Any CPU
		{5A82E9AF-A1FE-43B9-9385-7B7B396645F5}.Release|Any CPU.ActiveCfg = Release|Any CPU
		{5A82E9AF-A1FE-43B9-9385-7B7B396645F5}.Release|Any CPU.Build.0 = Release|Any CPU
	EndGlobalSection
	GlobalSection(SolutionProperties) = preSolution
		HideSolutionNode = FALSE
	EndGlobalSection
	GlobalSection(ExtensibilityGlobals) = postSolution
		SolutionGuid = {39C22BB0-3DA7-4DF4-AC02-175351AD016E}
	EndGlobalSection
EndGlobal
